
Microsoft Visual Studio Solution File, Format Version 12.00
Project("{FAE04EC0-301F-11D3-BF4B-00C04F79EFBC}") = "First_prg", "First_prg\First_prg.csproj", "{52381C50-3FFC-4D10-B751-9BC4783D22E4}"
EndProject
Project("{FAE04EC0-301F-11D3-BF4B-00C04F79EFBC}") = "DataType", "DataType\DataType.csproj", "{08E970E8-906E-4E32-8B0D-C9CF2F23B35D}"
EndProject
Project("{FAE04EC0-301F-11D3-BF4B-00C04F79EFBC}") = "ValueType", "ValueType\ValueType.csproj", "{CDB8EF2D-34DB-4796-8FF5-ED0189DB89F7}"
EndProject
Project("{FAE04EC0-301F-11D3-BF4B-00C04F79EFBC}") = "ReferenceType", "ReferenceType\ReferenceType.csproj", "{55FB2902-757E-4B86-B8C3-78589BFE03A5}"
EndProject
Project("{FAE04EC0-301F-11D3-BF4B-00C04F79EFBC}") = "NumberFormat", "NumberFormat\NumberFormat.csproj", "{582BBB4F-6313-4318-B667-06BEF9A49E06}"
EndProject
Project("{FAE04EC0-301F-11D3-BF4B-00C04F79EFBC}") = "DateTimeFormat", "DateTimeFormat\DateTimeFormat.csproj", "{F6CE8B31-DF2B-4A98-BDB9-0E50CFFC1408}"
EndProject
Project("{FAE04EC0-301F-11D3-BF4B-00C04F79EFBC}") = "ImplicitilyTypedLocal", "ImplicitilyTypedLocal\ImplicitilyTypedLocal.csproj", "{FAD426C6-9C55-42FE-9A95-09ED4D111272}"
EndProject
Project("{FAE04EC0-301F-11D3-BF4B-00C04F79EFBC}") = "AnonTypes", "AnonTypes\AnonTypes.csproj", "{231280BE-B4F1-4F80-93BD-1BF1CD36AE7B}"
EndProject
Project("{FAE04EC0-301F-11D3-BF4B-00C04F79EFBC}") = "Part4", "Part4\Part4.csproj", "{F9CA4A29-225C-4702-9AB8-216376B46867}"
EndProject
Global
	GlobalSection(SolutionConfigurationPlatforms) = preSolution
		Debug|Any CPU = Debug|Any CPU
		Release|Any CPU = Release|Any CPU
	EndGlobalSection
	GlobalSection(ProjectConfigurationPlatforms) = postSolution
		{52381C50-3FFC-4D10-B751-9BC4783D22E4}.Debug|Any CPU.ActiveCfg = Debug|Any CPU
		{52381C50-3FFC-4D10-B751-9BC4783D22E4}.Debug|Any CPU.Build.0 = Debug|Any CPU
		{52381C50-3FFC-4D10-B751-9BC4783D22E4}.Release|Any CPU.ActiveCfg = Release|Any CPU
		{52381C50-3FFC-4D10-B751-9BC4783D22E4}.Release|Any CPU.Build.0 = Release|Any CPU
		{08E970E8-906E-4E32-8B0D-C9CF2F23B35D}.Debug|Any CPU.ActiveCfg = Debug|Any CPU
		{08E970E8-906E-4E32-8B0D-C9CF2F23B35D}.Debug|Any CPU.Build.0 = Debug|Any CPU
		{08E970E8-906E-4E32-8B0D-C9CF2F23B35D}.Release|Any CPU.ActiveCfg = Release|Any CPU
		{08E970E8-906E-4E32-8B0D-C9CF2F23B35D}.Release|Any CPU.Build.0 = Release|Any CPU
		{CDB8EF2D-34DB-4796-8FF5-ED0189DB89F7}.Debug|Any CPU.ActiveCfg = Debug|Any CPU
		{CDB8EF2D-34DB-4796-8FF5-ED0189DB89F7}.Debug|Any CPU.Build.0 = Debug|Any CPU
		{CDB8EF2D-34DB-4796-8FF5-ED0189DB89F7}.Release|Any CPU.ActiveCfg = Release|Any CPU
		{CDB8EF2D-34DB-4796-8FF5-ED0189DB89F7}.Release|Any CPU.Build.0 = Release|Any CPU
		{55FB2902-757E-4B86-B8C3-78589BFE03A5}.Debug|Any CPU.ActiveCfg = Debug|Any CPU
		{55FB2902-757E-4B86-B8C3-78589BFE03A5}.Debug|Any CPU.Build.0 = Debug|Any CPU
		{55FB2902-757E-4B86-B8C3-78589BFE03A5}.Release|Any CPU.ActiveCfg = Release|Any CPU
		{55FB2902-757E-4B86-B8C3-78589BFE03A5}.Release|Any CPU.Build.0 = Release|Any CPU
		{582BBB4F-6313-4318-B667-06BEF9A49E06}.Debug|Any CPU.ActiveCfg = Debug|Any CPU
		{582BBB4F-6313-4318-B667-06BEF9A49E06}.Debug|Any CPU.Build.0 = Debug|Any CPU
		{582BBB4F-6313-4318-B667-06BEF9A49E06}.Release|Any CPU.ActiveCfg = Release|Any CPU
		{582BBB4F-6313-4318-B667-06BEF9A49E06}.Release|Any CPU.Build.0 = Release|Any CPU
		{F6CE8B31-DF2B-4A98-BDB9-0E50CFFC1408}.Debug|Any CPU.ActiveCfg = Debug|Any CPU
		{F6CE8B31-DF2B-4A98-BDB9-0E50CFFC1408}.Debug|Any CPU.Build.0 = Debug|Any CPU
		{F6CE8B31-DF2B-4A98-BDB9-0E50CFFC1408}.Release|Any CPU.ActiveCfg = Release|Any CPU
		{F6CE8B31-DF2B-4A98-BDB9-0E50CFFC1408}.Release|Any CPU.Build.0 = Release|Any CPU
		{FAD426C6-9C55-42FE-9A95-09ED4D111272}.Debug|Any CPU.ActiveCfg = Debug|Any CPU
		{FAD426C6-9C55-42FE-9A95-09ED4D111272}.Debug|Any CPU.Build.0 = Debug|Any CPU
		{FAD426C6-9C55-42FE-9A95-09ED4D111272}.Release|Any CPU.ActiveCfg = Release|Any CPU
		{FAD426C6-9C55-42FE-9A95-09ED4D111272}.Release|Any CPU.Build.0 = Release|Any CPU
		{231280BE-B4F1-4F80-93BD-1BF1CD36AE7B}.Debug|Any CPU.ActiveCfg = Debug|Any CPU
		{231280BE-B4F1-4F80-93BD-1BF1CD36AE7B}.Debug|Any CPU.Build.0 = Debug|Any CPU
		{231280BE-B4F1-4F80-93BD-1BF1CD36AE7B}.Release|Any CPU.ActiveCfg = Release|Any CPU
		{231280BE-B4F1-4F80-93BD-1BF1CD36AE7B}.Release|Any CPU.Build.0 = Release|Any CPU
		{F9CA4A29-225C-4702-9AB8-216376B46867}.Debug|Any CPU.ActiveCfg = Debug|Any CPU
		{F9CA4A29-225C-4702-9AB8-216376B46867}.Debug|Any CPU.Build.0 = Debug|Any CPU
		{F9CA4A29-225C-4702-9AB8-216376B46867}.Release|Any CPU.ActiveCfg = Release|Any CPU
		{F9CA4A29-225C-4702-9AB8-216376B46867}.Release|Any CPU.Build.0 = Release|Any CPU
	EndGlobalSection
EndGlobal
